
Microsoft Visual Studio Solution File, Format Version 12.00
# Visual Studio Version 17
VisualStudioVersion = 17.11.35312.102
MinimumVisualStudioVersion = 10.0.40219.1
Project("{8BC9CEB8-8B4A-11D0-8D11-00A0C91BC942}") = "DirectXGame", "DirectXGame.vcxproj", "{7623CC2E-ACA4-4A40-9998-082F909E9CFB}"
EndProject
Project("{2150E333-8FDC-42A3-9474-1A3956D46DE8}") = "ソリューション項目", "ソリューション項目", "{1A7AF3CF-3933-43AC-AE7D-85E2F92B7CD7}"
	ProjectSection(SolutionItems) = preProject
		HTMLPage1.html = HTMLPage1.html
	EndProjectSection
EndProject
Global
	GlobalSection(SolutionConfigurationPlatforms) = preSolution
		Debug|x64 = Debug|x64
		Release|x64 = Release|x64
	EndGlobalSection
	GlobalSection(ProjectConfigurationPlatforms) = postSolution
		{7623CC2E-ACA4-4A40-9998-082F909E9CFB}.Debug|x64.ActiveCfg = Debug|x64
		{7623CC2E-ACA4-4A40-9998-082F909E9CFB}.Debug|x64.Build.0 = Debug|x64
		{7623CC2E-ACA4-4A40-9998-082F909E9CFB}.Release|x64.ActiveCfg = Release|x64
		{7623CC2E-ACA4-4A40-9998-082F909E9CFB}.Release|x64.Build.0 = Release|x64
	EndGlobalSection
	GlobalSection(SolutionProperties) = preSolution
		HideSolutionNode = FALSE
	EndGlobalSection
	GlobalSection(ExtensibilityGlobals) = postSolution
		SolutionGuid = {72E67C8A-5FEA-45BC-9FFC-EB90D21D3DAD}
	EndGlobalSection
EndGlobal
